
Microsoft Visual Studio Solution File, Format Version 12.00
# Visual Studio 2012
Project("{2150E333-8FDC-42A3-9474-1A3956D46DE8}") = ".nuget", ".nuget", "{2DCD7899-6D8F-486A-86CB-C674C6AF6444}"
	ProjectSection(SolutionItems) = preProject
		.nuget\NuGet.Config = .nuget\NuGet.Config
		.nuget\NuGet.exe = .nuget\NuGet.exe
		.nuget\NuGet.targets = .nuget\NuGet.targets
	EndProjectSection
EndProject
Project("{FAE04EC0-301F-11D3-BF4B-00C04F79EFBC}") = "ExampleSketch", "ExampleSketch\ExampleSketch.csproj", "{A398D559-8876-456A-8FE8-0236CFB570C0}"
EndProject
Project("{FAE04EC0-301F-11D3-BF4B-00C04F79EFBC}") = "CSDX", "CSDX\CSDX.csproj", "{1AE3D7C3-E230-4769-BADF-148330D0F3F4}"
EndProject
Global
	GlobalSection(SolutionConfigurationPlatforms) = preSolution
		Debug|Any CPU = Debug|Any CPU
		Release|Any CPU = Release|Any CPU
	EndGlobalSection
	GlobalSection(ProjectConfigurationPlatforms) = postSolution
		{A398D559-8876-456A-8FE8-0236CFB570C0}.Debug|Any CPU.ActiveCfg = Debug|Any CPU
		{A398D559-8876-456A-8FE8-0236CFB570C0}.Debug|Any CPU.Build.0 = Debug|Any CPU
		{A398D559-8876-456A-8FE8-0236CFB570C0}.Release|Any CPU.ActiveCfg = Release|Any CPU
		{A398D559-8876-456A-8FE8-0236CFB570C0}.Release|Any CPU.Build.0 = Release|Any CPU
		{1AE3D7C3-E230-4769-BADF-148330D0F3F4}.Debug|Any CPU.ActiveCfg = Debug|Any CPU
		{1AE3D7C3-E230-4769-BADF-148330D0F3F4}.Debug|Any CPU.Build.0 = Debug|Any CPU
		{1AE3D7C3-E230-4769-BADF-148330D0F3F4}.Release|Any CPU.ActiveCfg = Release|Any CPU
		{1AE3D7C3-E230-4769-BADF-148330D0F3F4}.Release|Any CPU.Build.0 = Release|Any CPU
	EndGlobalSection
	GlobalSection(SolutionProperties) = preSolution
		HideSolutionNode = FALSE
	EndGlobalSection
EndGlobal
